{
  "version": 4,
  "terraform_version": "0.15.0",
  "serial": 95,
  "lineage": "357bf6f3-9c9b-e427-6972-54759177e0d0",
  "outputs": {},
  "resources": [
    {
      "mode": "managed",
      "type": "aws_s3_bucket",
      "name": "alsaaaaaaaabmnbmnbitest1-1990-1010213",
      "provider": "provider[\"registry.terraform.io/hashicorp/aws\"]",
      "instances": [
        {
          "schema_version": 0,
          "attributes": {
            "acceleration_status": "",
            "acl": "private",
            "arn": "arn:aws:s3:::testing3301-dash",
            "bucket": "testing3301-dash",
            "bucket_domain_name": "testing3301-dash.s3.amazonaws.com",
            "bucket_prefix": null,
            "bucket_regional_domain_name": "testing3301-dash.s3.amazonaws.com",
            "cors_rule": [],
            "force_destroy": false,
            "grant": [],
            "hosted_zone_id": "Z3AQBSTGFYJSTF",
            "id": "testing3301-dash",
            "lifecycle_rule": [],
            "logging": [],
            "object_lock_configuration": [],
            "policy": null,
            "region": "us-east-1",
            "replication_configuration": [],
            "request_payer": "BucketOwner",
            "server_side_encryption_configuration": [],
            "tags": {
              "Environment": "Dev",
              "Name": "terratest-aws-s3-example-3301"
            },
            "tags_all": {
              "Environment": "Dev",
              "Name": "terratest-aws-s3-example-3301"
            },
            "versioning": [
              {
                "enabled": true,
                "mfa_delete": false
              }
            ],
            "website": [],
            "website_domain": null,
            "website_endpoint": null
          },
          "sensitive_attributes": [],
          "private": "bnVsbA=="
        }
      ]
    },
    {
      "mode": "managed",
      "type": "aws_s3_bucket_object",
      "name": "test1-creation",
      "provider": "provider[\"registry.terraform.io/hashicorp/aws\"]",
      "instances": [
        {
          "schema_version": 0,
          "attributes": {
            "acl": "private",
            "bucket": "testing3301-dash",
            "bucket_key_enabled": false,
            "cache_control": "",
            "content": "2021-05-15T09:22:00Z",
            "content_base64": null,
            "content_disposition": "",
            "content_encoding": "",
            "content_language": "",
            "content_type": "binary/octet-stream",
            "etag": "6a85feda63cc6db369e42c44cc3d9496",
            "force_destroy": false,
            "id": "test1.txt",
            "key": "test1.txt",
            "kms_key_id": null,
            "metadata": null,
            "object_lock_legal_hold_status": "",
            "object_lock_mode": "",
            "object_lock_retain_until_date": "",
            "server_side_encryption": "",
            "source": null,
            "storage_class": "STANDARD",
            "tags": null,
            "tags_all": {},
            "version_id": "SrwKCi0RUMUpzNr8GMBlZHal6Nz9P9MM",
            "website_redirect": ""
          },
          "sensitive_attributes": [],
          "private": "bnVsbA==",
          "dependencies": [
            "aws_s3_bucket.alsaaaaaaaabmnbmnbitest1-1990-1010213"
          ]
        }
      ]
    },
    {
      "mode": "managed",
      "type": "aws_s3_bucket_object",
      "name": "test2-creation",
      "provider": "provider[\"registry.terraform.io/hashicorp/aws\"]",
      "instances": [
        {
          "schema_version": 0,
          "attributes": {
            "acl": "private",
            "bucket": "testing3301-dash",
            "bucket_key_enabled": false,
            "cache_control": "",
            "content": "2021-05-15T09:22:00Z",
            "content_base64": null,
            "content_disposition": "",
            "content_encoding": "",
            "content_language": "",
            "content_type": "binary/octet-stream",
            "etag": "6a85feda63cc6db369e42c44cc3d9496",
            "force_destroy": false,
            "id": "test2.txt",
            "key": "test2.txt",
            "kms_key_id": null,
            "metadata": null,
            "object_lock_legal_hold_status": "",
            "object_lock_mode": "",
            "object_lock_retain_until_date": "",
            "server_side_encryption": "",
            "source": null,
            "storage_class": "STANDARD",
            "tags": null,
            "tags_all": {},
            "version_id": "QhTmk7woWzUoZxbeEgJ8pEFle3dz5WIF",
            "website_redirect": ""
          },
          "sensitive_attributes": [],
          "private": "bnVsbA==",
          "dependencies": [
            "aws_s3_bucket.alsaaaaaaaabmnbmnbitest1-1990-1010213"
          ]
        }
      ]
    }
  ]
}
